# generated by rye
# use `rye lock` or `rye sync` to update this lockfile
#
# last locked with the following flags:
#   pre: false
#   features: []
#   all-features: false
#   with-sources: false

-e file:.
contourpy==1.2.1
    # via matplotlib
csbdeep==0.8.0
    # via stardist
cycler==0.12.1
    # via matplotlib
fonttools==4.53.0
    # via matplotlib
imageio==2.34.1
    # via scikit-image
    # via stardist
joblib==1.4.2
    # via scikit-learn
kiwisolver==1.4.5
    # via matplotlib
lazy-loader==0.4
    # via scikit-image
llvmlite==0.42.0
    # via numba
matplotlib==3.9.1
    # via 3deecelltracker
    # via csbdeep
networkx==3.3
    # via scikit-image
numba==0.59.1
    # via stardist
numpy==1.26.4
    # via 3deecelltracker
    # via contourpy
    # via csbdeep
    # via imageio
    # via matplotlib
    # via numba
    # via scikit-image
    # via scikit-learn
    # via scipy
    # via tifffile
packaging==24.1
    # via csbdeep
    # via lazy-loader
    # via matplotlib
    # via scikit-image
pillow==10.3.0
    # via imageio
    # via matplotlib
    # via scikit-image
pyparsing==3.1.2
    # via matplotlib
python-dateutil==2.9.0.post0
    # via matplotlib
scikit-image==0.23.2
    # via stardist
scikit-learn==1.5.0
    # via 3deecelltracker
scipy==1.13.1
    # via csbdeep
    # via scikit-image
    # via scikit-learn
six==1.16.0
    # via csbdeep
    # via python-dateutil
stardist==0.9.1
    # via 3deecelltracker
threadpoolctl==3.5.0
    # via scikit-learn
tifffile==2024.5.22
    # via csbdeep
    # via scikit-image
tqdm==4.66.4
    # via csbdeep
